
Microsoft Visual Studio Solution File, Format Version 12.00
# Visual Studio Version 17
VisualStudioVersion = 17.2.32505.173
MinimumVisualStudioVersion = 10.0.40219.1
Project("{FAE04EC0-301F-11D3-BF4B-00C04F79EFBC}") = "ZeroToHeroBackend", "ZeroToHeroBackend\ZeroToHeroBackend.csproj", "{52ABCCE0-10BE-49A9-B1E7-D7B1E7B675D4}"
EndProject
Global
	GlobalSection(SolutionConfigurationPlatforms) = preSolution
		Debug|Any CPU = Debug|Any CPU
		Release|Any CPU = Release|Any CPU
	EndGlobalSection
	GlobalSection(ProjectConfigurationPlatforms) = postSolution
		{52ABCCE0-10BE-49A9-B1E7-D7B1E7B675D4}.Debug|Any CPU.ActiveCfg = Debug|Any CPU
		{52ABCCE0-10BE-49A9-B1E7-D7B1E7B675D4}.Debug|Any CPU.Build.0 = Debug|Any CPU
		{52ABCCE0-10BE-49A9-B1E7-D7B1E7B675D4}.Release|Any CPU.ActiveCfg = Release|Any CPU
		{52ABCCE0-10BE-49A9-B1E7-D7B1E7B675D4}.Release|Any CPU.Build.0 = Release|Any CPU
	EndGlobalSection
	GlobalSection(SolutionProperties) = preSolution
		HideSolutionNode = FALSE
	EndGlobalSection
	GlobalSection(ExtensibilityGlobals) = postSolution
		SolutionGuid = {03B828CD-AE2F-48B0-B2D5-E68B3E139746}
	EndGlobalSection
EndGlobal
